
Microsoft Visual Studio Solution File, Format Version 12.00
# Visual Studio Version 16
VisualStudioVersion = 16.0.30711.63
MinimumVisualStudioVersion = 10.0.40219.1
Project("{FAE04EC0-301F-11D3-BF4B-00C04F79EFBC}") = "FinalExam", "FinalExam\FinalExam.csproj", "{D8F6DC16-5A06-4F9A-A2B6-4A238A16F77E}"
EndProject
Global
	GlobalSection(SolutionConfigurationPlatforms) = preSolution
		Debug|Any CPU = Debug|Any CPU
		Release|Any CPU = Release|Any CPU
	EndGlobalSection
	GlobalSection(ProjectConfigurationPlatforms) = postSolution
		{D8F6DC16-5A06-4F9A-A2B6-4A238A16F77E}.Debug|Any CPU.ActiveCfg = Debug|Any CPU
		{D8F6DC16-5A06-4F9A-A2B6-4A238A16F77E}.Debug|Any CPU.Build.0 = Debug|Any CPU
		{D8F6DC16-5A06-4F9A-A2B6-4A238A16F77E}.Release|Any CPU.ActiveCfg = Release|Any CPU
		{D8F6DC16-5A06-4F9A-A2B6-4A238A16F77E}.Release|Any CPU.Build.0 = Release|Any CPU
	EndGlobalSection
	GlobalSection(SolutionProperties) = preSolution
		HideSolutionNode = FALSE
	EndGlobalSection
	GlobalSection(ExtensibilityGlobals) = postSolution
		SolutionGuid = {1A0CB8FD-78E9-4EC1-8F37-021FA6AB9EB1}
	EndGlobalSection
EndGlobal
